
Microsoft Visual Studio Solution File, Format Version 12.00
# Visual Studio Version 16
VisualStudioVersion = 16.0.29613.14
MinimumVisualStudioVersion = 10.0.40219.1
Project("{2150E333-8FDC-42A3-9474-1A3956D46DE8}") = "src", "src", "{B3154F37-F13D-4B3D-A4B1-1F7B7067DEC2}"
EndProject
Project("{2150E333-8FDC-42A3-9474-1A3956D46DE8}") = "deployment", "deployment", "{9BDD75DB-0CA9-40A4-A7B8-E474C9F2A2BF}"
	ProjectSection(SolutionItems) = preProject
		.dockerignore = .dockerignore
		.travis.yml = .travis.yml
		src\docker-compose.yml = src\docker-compose.yml
		DockerCommands.txt = DockerCommands.txt
		src\Dockerfile.FiboFormApi = src\Dockerfile.FiboFormApi
		src\Dockerfile.FiboFormWeb = src\Dockerfile.FiboFormWeb
		src\Dockerfile.FiboService = src\Dockerfile.FiboService
		Dockerrun.aws.json = Dockerrun.aws.json
	EndProjectSection
EndProject
Project("{9A19103F-16F7-4668-BE54-9A1E7A4F7556}") = "FiboForm.Web", "src\FiboForm.Web\FiboForm.Web.csproj", "{7873CEDE-445B-4449-BD86-CB843A3D5EDE}"
EndProject
Project("{9A19103F-16F7-4668-BE54-9A1E7A4F7556}") = "FiboForm.Api", "src\FiboForm.Api\FiboForm.Api.csproj", "{D8A0A306-6B7C-47B0-B7C6-F34E8BE40EAA}"
EndProject
Project("{2150E333-8FDC-42A3-9474-1A3956D46DE8}") = "Api", "Api", "{22233577-1A37-4E48-AA97-DD972612713F}"
EndProject
Project("{2150E333-8FDC-42A3-9474-1A3956D46DE8}") = "FrontEnd", "FrontEnd", "{13303FE2-5223-475E-8E87-1CF8120F0DFC}"
EndProject
Project("{9A19103F-16F7-4668-BE54-9A1E7A4F7556}") = "FiboForm.Common", "src\FiboForm.Common\FiboForm.Common.csproj", "{DA77766A-3916-406D-B929-A527D036B476}"
EndProject
Project("{2150E333-8FDC-42A3-9474-1A3956D46DE8}") = "k8s", "k8s", "{CD01510B-9B5D-40DE-A22A-751698C37D2B}"
	ProjectSection(SolutionItems) = preProject
		k8s\database-persistent-volume-claim.yaml = k8s\database-persistent-volume-claim.yaml
		k8s\fiboapi-cluster-ip-service.yaml = k8s\fiboapi-cluster-ip-service.yaml
		k8s\fiboapi-deployment.yaml = k8s\fiboapi-deployment.yaml
		k8s\fiboweb-cluster-ip-service.yaml = k8s\fiboweb-cluster-ip-service.yaml
		k8s\fiboweb-deployment.yaml = k8s\fiboweb-deployment.yaml
		k8s\ingress-service.yaml = k8s\ingress-service.yaml
		k8s\postgres-cluster-ip-service.yaml = k8s\postgres-cluster-ip-service.yaml
		k8s\postgres-deployment.yaml = k8s\postgres-deployment.yaml
		k8s\redis-cluster-ip-service.yaml = k8s\redis-cluster-ip-service.yaml
		k8s\redis-deployment.yaml = k8s\redis-deployment.yaml
	EndProjectSection
EndProject
Global
	GlobalSection(SolutionConfigurationPlatforms) = preSolution
		Debug|Any CPU = Debug|Any CPU
		Release|Any CPU = Release|Any CPU
	EndGlobalSection
	GlobalSection(ProjectConfigurationPlatforms) = postSolution
		{7873CEDE-445B-4449-BD86-CB843A3D5EDE}.Debug|Any CPU.ActiveCfg = Debug|Any CPU
		{7873CEDE-445B-4449-BD86-CB843A3D5EDE}.Debug|Any CPU.Build.0 = Debug|Any CPU
		{7873CEDE-445B-4449-BD86-CB843A3D5EDE}.Release|Any CPU.ActiveCfg = Release|Any CPU
		{7873CEDE-445B-4449-BD86-CB843A3D5EDE}.Release|Any CPU.Build.0 = Release|Any CPU
		{D8A0A306-6B7C-47B0-B7C6-F34E8BE40EAA}.Debug|Any CPU.ActiveCfg = Debug|Any CPU
		{D8A0A306-6B7C-47B0-B7C6-F34E8BE40EAA}.Debug|Any CPU.Build.0 = Debug|Any CPU
		{D8A0A306-6B7C-47B0-B7C6-F34E8BE40EAA}.Release|Any CPU.ActiveCfg = Release|Any CPU
		{D8A0A306-6B7C-47B0-B7C6-F34E8BE40EAA}.Release|Any CPU.Build.0 = Release|Any CPU
		{DA77766A-3916-406D-B929-A527D036B476}.Debug|Any CPU.ActiveCfg = Debug|Any CPU
		{DA77766A-3916-406D-B929-A527D036B476}.Debug|Any CPU.Build.0 = Debug|Any CPU
		{DA77766A-3916-406D-B929-A527D036B476}.Release|Any CPU.ActiveCfg = Release|Any CPU
		{DA77766A-3916-406D-B929-A527D036B476}.Release|Any CPU.Build.0 = Release|Any CPU
	EndGlobalSection
	GlobalSection(SolutionProperties) = preSolution
		HideSolutionNode = FALSE
	EndGlobalSection
	GlobalSection(NestedProjects) = preSolution
		{7873CEDE-445B-4449-BD86-CB843A3D5EDE} = {13303FE2-5223-475E-8E87-1CF8120F0DFC}
		{D8A0A306-6B7C-47B0-B7C6-F34E8BE40EAA} = {22233577-1A37-4E48-AA97-DD972612713F}
		{22233577-1A37-4E48-AA97-DD972612713F} = {B3154F37-F13D-4B3D-A4B1-1F7B7067DEC2}
		{13303FE2-5223-475E-8E87-1CF8120F0DFC} = {B3154F37-F13D-4B3D-A4B1-1F7B7067DEC2}
		{DA77766A-3916-406D-B929-A527D036B476} = {B3154F37-F13D-4B3D-A4B1-1F7B7067DEC2}
	EndGlobalSection
	GlobalSection(ExtensibilityGlobals) = postSolution
		SolutionGuid = {DF151166-8D6C-445A-AED7-96CC28453D31}
	EndGlobalSection
EndGlobal
